
Microsoft Visual Studio Solution File, Format Version 12.00
# Visual Studio Version 16
VisualStudioVersion = 16.0.31424.327
MinimumVisualStudioVersion = 10.0.40219.1
Project("{FAE04EC0-301F-11D3-BF4B-00C04F79EFBC}") = "azurekeyvaultdemo", "azurekeyvaultdemo.csproj", "{956C356F-0E88-4368-9665-7E8E63DD43BD}"
EndProject
Global
	GlobalSection(SolutionConfigurationPlatforms) = preSolution
		Debug|Any CPU = Debug|Any CPU
		Release|Any CPU = Release|Any CPU
	EndGlobalSection
	GlobalSection(ProjectConfigurationPlatforms) = postSolution
		{956C356F-0E88-4368-9665-7E8E63DD43BD}.Debug|Any CPU.ActiveCfg = Debug|Any CPU
		{956C356F-0E88-4368-9665-7E8E63DD43BD}.Debug|Any CPU.Build.0 = Debug|Any CPU
		{956C356F-0E88-4368-9665-7E8E63DD43BD}.Release|Any CPU.ActiveCfg = Release|Any CPU
		{956C356F-0E88-4368-9665-7E8E63DD43BD}.Release|Any CPU.Build.0 = Release|Any CPU
	EndGlobalSection
	GlobalSection(SolutionProperties) = preSolution
		HideSolutionNode = FALSE
	EndGlobalSection
	GlobalSection(ExtensibilityGlobals) = postSolution
		SolutionGuid = {5D5A3ACF-CDBC-48EA-9E51-39055E9CA27A}
	EndGlobalSection
EndGlobal
